
Microsoft Visual Studio Solution File, Format Version 12.00
# Visual Studio 15
VisualStudioVersion = 15.0.27703.2042
MinimumVisualStudioVersion = 10.0.40219.1
Project("{FAE04EC0-301F-11D3-BF4B-00C04F79EFBC}") = "BazaKsiazek", "BazaKsiazek\BazaKsiazek.csproj", "{2941AE48-EF88-432B-ACDE-530956C62206}"
EndProject
Project("{FAE04EC0-301F-11D3-BF4B-00C04F79EFBC}") = "BazaKsiazek.Tests", "BazaKsiazek.Tests\BazaKsiazek.Tests.csproj", "{994BC398-D7E0-4DB3-BF16-A4F313BBAEF6}"
EndProject
Global
	GlobalSection(SolutionConfigurationPlatforms) = preSolution
		Debug|Any CPU = Debug|Any CPU
		Release|Any CPU = Release|Any CPU
	EndGlobalSection
	GlobalSection(ProjectConfigurationPlatforms) = postSolution
		{2941AE48-EF88-432B-ACDE-530956C62206}.Debug|Any CPU.ActiveCfg = Debug|Any CPU
		{2941AE48-EF88-432B-ACDE-530956C62206}.Debug|Any CPU.Build.0 = Debug|Any CPU
		{2941AE48-EF88-432B-ACDE-530956C62206}.Release|Any CPU.ActiveCfg = Release|Any CPU
		{2941AE48-EF88-432B-ACDE-530956C62206}.Release|Any CPU.Build.0 = Release|Any CPU
		{994BC398-D7E0-4DB3-BF16-A4F313BBAEF6}.Debug|Any CPU.ActiveCfg = Debug|Any CPU
		{994BC398-D7E0-4DB3-BF16-A4F313BBAEF6}.Debug|Any CPU.Build.0 = Debug|Any CPU
		{994BC398-D7E0-4DB3-BF16-A4F313BBAEF6}.Release|Any CPU.ActiveCfg = Release|Any CPU
		{994BC398-D7E0-4DB3-BF16-A4F313BBAEF6}.Release|Any CPU.Build.0 = Release|Any CPU
	EndGlobalSection
	GlobalSection(SolutionProperties) = preSolution
		HideSolutionNode = FALSE
	EndGlobalSection
	GlobalSection(ExtensibilityGlobals) = postSolution
		SolutionGuid = {4A26567C-4DE7-4BC1-96F2-650DBD273F4B}
	EndGlobalSection
EndGlobal
